
Microsoft Visual Studio Solution File, Format Version 12.00
# Visual Studio 15
VisualStudioVersion = 15.0.27428.2037
MinimumVisualStudioVersion = 10.0.40219.1
Project("{FAE04EC0-301F-11D3-BF4B-00C04F79EFBC}") = "byscuitBot", "byscuitBot\byscuitBot.csproj", "{A3723FE8-5D5A-4B1E-A594-6D652FD0CF67}"
EndProject
Global
	GlobalSection(SolutionConfigurationPlatforms) = preSolution
		Debug|Any CPU = Debug|Any CPU
		Release|Any CPU = Release|Any CPU
	EndGlobalSection
	GlobalSection(ProjectConfigurationPlatforms) = postSolution
		{A3723FE8-5D5A-4B1E-A594-6D652FD0CF67}.Debug|Any CPU.ActiveCfg = Debug|Any CPU
		{A3723FE8-5D5A-4B1E-A594-6D652FD0CF67}.Debug|Any CPU.Build.0 = Debug|Any CPU
		{A3723FE8-5D5A-4B1E-A594-6D652FD0CF67}.Release|Any CPU.ActiveCfg = Release|Any CPU
		{A3723FE8-5D5A-4B1E-A594-6D652FD0CF67}.Release|Any CPU.Build.0 = Release|Any CPU
	EndGlobalSection
	GlobalSection(SolutionProperties) = preSolution
		HideSolutionNode = FALSE
	EndGlobalSection
	GlobalSection(ExtensibilityGlobals) = postSolution
		SolutionGuid = {2C4EAC76-1E6C-4899-B81E-51C78A34E44F}
	EndGlobalSection
EndGlobal
